
Microsoft Visual Studio Solution File, Format Version 12.00
# Visual Studio Version 17
VisualStudioVersion = 17.14.36310.24 d17.14
MinimumVisualStudioVersion = 10.0.40219.1
Project("{FAE04EC0-301F-11D3-BF4B-00C04F79EFBC}") = "Class_09", "Class_09\Class_09.csproj", "{FB168A4A-FB6C-448C-A01C-B8431E046632}"
EndProject
Global
	GlobalSection(SolutionConfigurationPlatforms) = preSolution
		Debug|Any CPU = Debug|Any CPU
		Release|Any CPU = Release|Any CPU
	EndGlobalSection
	GlobalSection(ProjectConfigurationPlatforms) = postSolution
		{FB168A4A-FB6C-448C-A01C-B8431E046632}.Debug|Any CPU.ActiveCfg = Debug|Any CPU
		{FB168A4A-FB6C-448C-A01C-B8431E046632}.Debug|Any CPU.Build.0 = Debug|Any CPU
		{FB168A4A-FB6C-448C-A01C-B8431E046632}.Release|Any CPU.ActiveCfg = Release|Any CPU
		{FB168A4A-FB6C-448C-A01C-B8431E046632}.Release|Any CPU.Build.0 = Release|Any CPU
	EndGlobalSection
	GlobalSection(SolutionProperties) = preSolution
		HideSolutionNode = FALSE
	EndGlobalSection
	GlobalSection(ExtensibilityGlobals) = postSolution
		SolutionGuid = {7D8D0CF4-193C-4F64-80C0-865C5FF83973}
	EndGlobalSection
EndGlobal
