
Microsoft Visual Studio Solution File, Format Version 12.00
# Visual Studio Version 17
VisualStudioVersion = 17.14.36310.24 d17.14
MinimumVisualStudioVersion = 10.0.40219.1
Project("{FAE04EC0-301F-11D3-BF4B-00C04F79EFBC}") = "Class_08", "Class_08\Class_08.csproj", "{9CB3970C-4358-4546-9D6E-4096E4D1F692}"
EndProject
Global
	GlobalSection(SolutionConfigurationPlatforms) = preSolution
		Debug|Any CPU = Debug|Any CPU
		Release|Any CPU = Release|Any CPU
	EndGlobalSection
	GlobalSection(ProjectConfigurationPlatforms) = postSolution
		{9CB3970C-4358-4546-9D6E-4096E4D1F692}.Debug|Any CPU.ActiveCfg = Debug|Any CPU
		{9CB3970C-4358-4546-9D6E-4096E4D1F692}.Debug|Any CPU.Build.0 = Debug|Any CPU
		{9CB3970C-4358-4546-9D6E-4096E4D1F692}.Release|Any CPU.ActiveCfg = Release|Any CPU
		{9CB3970C-4358-4546-9D6E-4096E4D1F692}.Release|Any CPU.Build.0 = Release|Any CPU
	EndGlobalSection
	GlobalSection(SolutionProperties) = preSolution
		HideSolutionNode = FALSE
	EndGlobalSection
	GlobalSection(ExtensibilityGlobals) = postSolution
		SolutionGuid = {F0D5D883-0DAB-45BF-8B95-1881BF2F3C94}
	EndGlobalSection
EndGlobal
